
Microsoft Visual Studio Solution File, Format Version 12.00
# Visual Studio Version 17
VisualStudioVersion = 17.5.33530.505
MinimumVisualStudioVersion = 10.0.40219.1
Project("{9A19103F-16F7-4668-BE54-9A1E7A4F7556}") = "Staj_Project.Identity", "Staj_Project.Identity\Staj_Project.Identity.csproj", "{602CA2A0-1EB3-4A0E-8F7D-444B97856F85}"
EndProject
Project("{FAE04EC0-301F-11D3-BF4B-00C04F79EFBC}") = "Staj_Project.APIService", "Staj_Project.APIService\Staj_Project.APIService.csproj", "{65FB2B64-899F-4C13-B293-E5A1DE9D55E8}"
EndProject
Global
	GlobalSection(SolutionConfigurationPlatforms) = preSolution
		Debug|Any CPU = Debug|Any CPU
		Release|Any CPU = Release|Any CPU
	EndGlobalSection
	GlobalSection(ProjectConfigurationPlatforms) = postSolution
		{602CA2A0-1EB3-4A0E-8F7D-444B97856F85}.Debug|Any CPU.ActiveCfg = Debug|Any CPU
		{602CA2A0-1EB3-4A0E-8F7D-444B97856F85}.Debug|Any CPU.Build.0 = Debug|Any CPU
		{602CA2A0-1EB3-4A0E-8F7D-444B97856F85}.Release|Any CPU.ActiveCfg = Release|Any CPU
		{602CA2A0-1EB3-4A0E-8F7D-444B97856F85}.Release|Any CPU.Build.0 = Release|Any CPU
		{65FB2B64-899F-4C13-B293-E5A1DE9D55E8}.Debug|Any CPU.ActiveCfg = Debug|Any CPU
		{65FB2B64-899F-4C13-B293-E5A1DE9D55E8}.Debug|Any CPU.Build.0 = Debug|Any CPU
		{65FB2B64-899F-4C13-B293-E5A1DE9D55E8}.Release|Any CPU.ActiveCfg = Release|Any CPU
		{65FB2B64-899F-4C13-B293-E5A1DE9D55E8}.Release|Any CPU.Build.0 = Release|Any CPU
	EndGlobalSection
	GlobalSection(SolutionProperties) = preSolution
		HideSolutionNode = FALSE
	EndGlobalSection
	GlobalSection(ExtensibilityGlobals) = postSolution
		SolutionGuid = {F56C4E9E-F89A-4C19-87D1-4AD5C2ACBF61}
	EndGlobalSection
EndGlobal
